// !$*UTF8*$!
{
	archiveVersion = 1;
	classes = {
	};
	objectVersion = 56;
	objects = {

/* Begin PBXBuildFile section */
		4E82CA8D2BADEB4F005457B9 /* NewTestClass.swift in Sources */ = {isa = PBXBuildFile; fileRef = 4E82CA8C2BADEB4F005457B9 /* NewTestClass.swift */; };
		6ED6E31E2BADA3A400981D60 /* AppDelegate.swift in Sources */ = {isa = PBXBuildFile; fileRef = 6ED6E31D2BADA3A400981D60 /* AppDelegate.swift */; };
		6ED6E3202BADA3A400981D60 /* SceneDelegate.swift in Sources */ = {isa = PBXBuildFile; fileRef = 6ED6E31F2BADA3A400981D60 /* SceneDelegate.swift */; };
		6ED6E3222BADA3A400981D60 /* ViewController.swift in Sources */ = {isa = PBXBuildFile; fileRef = 6ED6E3212BADA3A400981D60 /* ViewController.swift */; };
		6ED6E3252BADA3A400981D60 /* Base in Resources */ = {isa = PBXBuildFile; fileRef = 6ED6E3242BADA3A400981D60 /* Base */; };
		6ED6E3272BADA3A600981D60 /* Assets.xcassets in Resources */ = {isa = PBXBuildFile; fileRef = 6ED6E3262BADA3A600981D60 /* Assets.xcassets */; };
		6ED6E32A2BADA3A600981D60 /* Base in Resources */ = {isa = PBXBuildFile; fileRef = 6ED6E3292BADA3A600981D60 /* Base */; };
		6ED6E3362BADFAA700981D60 /* DetailViewController.swift in Sources */ = {isa = PBXBuildFile; fileRef = 6ED6E3352BADFAA700981D60 /* DetailViewController.swift */; };
/* End PBXBuildFile section */

/* Begin PBXFileReference section */
		4E82CA8C2BADEB4F005457B9 /* NewTestClass.swift */ = {isa = PBXFileReference; lastKnownFileType = sourcecode.swift; path = NewTestClass.swift; sourceTree = "<group>"; };
		6ED6E31A2BADA3A400981D60 /* SimulatorWithTeam.app */ = {isa = PBXFileReference; explicitFileType = wrapper.application; includeInIndex = 0; path = SimulatorWithTeam.app; sourceTree = BUILT_PRODUCTS_DIR; };
		6ED6E31D2BADA3A400981D60 /* AppDelegate.swift */ = {isa = PBXFileReference; lastKnownFileType = sourcecode.swift; path = AppDelegate.swift; sourceTree = "<group>"; };
		6ED6E31F2BADA3A400981D60 /* SceneDelegate.swift */ = {isa = PBXFileReference; lastKnownFileType = sourcecode.swift; path = SceneDelegate.swift; sourceTree = "<group>"; };
		6ED6E3212BADA3A400981D60 /* ViewController.swift */ = {isa = PBXFileReference; lastKnownFileType = sourcecode.swift; path = ViewController.swift; sourceTree = "<group>"; };
		6ED6E3242BADA3A400981D60 /* Base */ = {isa = PBXFileReference; lastKnownFileType = file.storyboard; name = Base; path = Base.lproj/Main.storyboard; sourceTree = "<group>"; };
		6ED6E3262BADA3A600981D60 /* Assets.xcassets */ = {isa = PBXFileReference; lastKnownFileType = folder.assetcatalog; path = Assets.xcassets; sourceTree = "<group>"; };
		6ED6E3292BADA3A600981D60 /* Base */ = {isa = PBXFileReference; lastKnownFileType = file.storyboard; name = Base; path = Base.lproj/LaunchScreen.storyboard; sourceTree = "<group>"; };
		6ED6E32B2BADA3A600981D60 /* Info.plist */ = {isa = PBXFileReference; lastKnownFileType = text.plist.xml; path = Info.plist; sourceTree = "<group>"; };
		6ED6E3352BADFAA700981D60 /* DetailViewController.swift */ = {isa = PBXFileReference; lastKnownFileType = sourcecode.swift; path = DetailViewController.swift; sourceTree = "<group>"; };
/* End PBXFileReference section */

/* Begin PBXFrameworksBuildPhase section */
		6ED6E3172BADA3A400981D60 /* Frameworks */ = {
			isa = PBXFrameworksBuildPhase;
			buildActionMask = 2147483647;
			files = (
			);
			runOnlyForDeploymentPostprocessing = 0;
		};
/* End PBXFrameworksBuildPhase section */

/* Begin PBXGroup section */
		6ED6E3112BADA3A400981D60 = {
			isa = PBXGroup;
			children = (
				6ED6E31C2BADA3A400981D60 /* SimulatorWithTeam */,
				6ED6E31B2BADA3A400981D60 /* Products */,
			);
			sourceTree = "<group>";
		};
		6ED6E31B2BADA3A400981D60 /* Products */ = {
			isa = PBXGroup;
			children = (
				6ED6E31A2BADA3A400981D60 /* SimulatorWithTeam.app */,
			);
			name = Products;
			sourceTree = "<group>";
		};
		6ED6E31C2BADA3A400981D60 /* SimulatorWithTeam */ = {
			isa = PBXGroup;
			children = (
				6ED6E3322BADA54000981D60 /* Sources */,
				6ED6E3312BADA53400981D60 /* Resources */,
			);
			path = SimulatorWithTeam;
			sourceTree = "<group>";
		};
		6ED6E3312BADA53400981D60 /* Resources */ = {
			isa = PBXGroup;
			children = (
				6ED6E3232BADA3A400981D60 /* Main.storyboard */,
				6ED6E3262BADA3A600981D60 /* Assets.xcassets */,
				6ED6E3282BADA3A600981D60 /* LaunchScreen.storyboard */,
				6ED6E32B2BADA3A600981D60 /* Info.plist */,
			);
			path = Resources;
			sourceTree = "<group>";
		};
		6ED6E3322BADA54000981D60 /* Sources */ = {
			isa = PBXGroup;
			children = (
				6ED6E3332BADA55300981D60 /* App */,
				6ED6E3342BADA56700981D60 /* Scenes */,
			);
			path = Sources;
			sourceTree = "<group>";
		};
		6ED6E3332BADA55300981D60 /* App */ = {
			isa = PBXGroup;
			children = (
				6ED6E31D2BADA3A400981D60 /* AppDelegate.swift */,
				6ED6E31F2BADA3A400981D60 /* SceneDelegate.swift */,
			);
			path = App;
			sourceTree = "<group>";
		};
		6ED6E3342BADA56700981D60 /* Scenes */ = {
			isa = PBXGroup;
			children = (
				6ED6E3212BADA3A400981D60 /* ViewController.swift */,
				4E82CA8C2BADEB4F005457B9 /* NewTestClass.swift */,
				6ED6E3352BADFAA700981D60 /* DetailViewController.swift */,
			);
			path = Scenes;
			sourceTree = "<group>";
		};
/* End PBXGroup section */

/* Begin PBXNativeTarget section */
		6ED6E3192BADA3A400981D60 /* SimulatorWithTeam */ = {
			isa = PBXNativeTarget;
			buildConfigurationList = 6ED6E32E2BADA3A600981D60 /* Build configuration list for PBXNativeTarget "SimulatorWithTeam" */;
			buildPhases = (
				6ED6E3162BADA3A400981D60 /* Sources */,
				6ED6E3172BADA3A400981D60 /* Frameworks */,
				6ED6E3182BADA3A400981D60 /* Resources */,
			);
			buildRules = (
			);
			dependencies = (
			);
			name = SimulatorWithTeam;
			productName = SimulatorWithTeam;
			productReference = 6ED6E31A2BADA3A400981D60 /* SimulatorWithTeam.app */;
			productType = "com.apple.product-type.application";
		};
/* End PBXNativeTarget section */

/* Begin PBXProject section */
		6ED6E3122BADA3A400981D60 /* Project object */ = {
			isa = PBXProject;
			attributes = {
				BuildIndependentTargetsInParallel = 1;
				LastSwiftUpdateCheck = 1530;
				LastUpgradeCheck = 1530;
				TargetAttributes = {
					6ED6E3192BADA3A400981D60 = {
						CreatedOnToolsVersion = 15.3;
					};
				};
			};
			buildConfigurationList = 6ED6E3152BADA3A400981D60 /* Build configuration list for PBXProject "SimulatorWithTeam" */;
			compatibilityVersion = "Xcode 14.0";
			developmentRegion = en;
			hasScannedForEncodings = 0;
			knownRegions = (
				en,
				Base,
			);
			mainGroup = 6ED6E3112BADA3A400981D60;
			productRefGroup = 6ED6E31B2BADA3A400981D60 /* Products */;
			projectDirPath = "";
			projectRoot = "";
			targets = (
				6ED6E3192BADA3A400981D60 /* SimulatorWithTeam */,
			);
		};
/* End PBXProject section */

/* Begin PBXResourcesBuildPhase section */
		6ED6E3182BADA3A400981D60 /* Resources */ = {
			isa = PBXResourcesBuildPhase;
			buildActionMask = 2147483647;
			files = (
				6ED6E3272BADA3A600981D60 /* Assets.xcassets in Resources */,
				6ED6E32A2BADA3A600981D60 /* Base in Resources */,
				6ED6E3252BADA3A400981D60 /* Base in Resources */,
			);
			runOnlyForDeploymentPostprocessing = 0;
		};
/* End PBXResourcesBuildPhase section */

/* Begin PBXSourcesBuildPhase section */
		6ED6E3162BADA3A400981D60 /* Sources */ = {
			isa = PBXSourcesBuildPhase;
			buildActionMask = 2147483647;
			files = (
				6ED6E3222BADA3A400981D60 /* ViewController.swift in Sources */,
				4E82CA8D2BADEB4F005457B9 /* NewTestClass.swift in Sources */,
				6ED6E3362BADFAA700981D60 /* DetailViewController.swift in Sources */,
				6ED6E31E2BADA3A400981D60 /* AppDelegate.swift in Sources */,
				6ED6E3202BADA3A400981D60 /* SceneDelegate.swift in Sources */,
			);
			runOnlyForDeploymentPostprocessing = 0;
		};
/* End PBXSourcesBuildPhase section */

/* Begin PBXVariantGroup section */
		6ED6E3232BADA3A400981D60 /* Main.storyboard */ = {
			isa = PBXVariantGroup;
			children = (
				6ED6E3242BADA3A400981D60 /* Base */,
			);
			name = Main.storyboard;
			sourceTree = "<group>";
		};
		6ED6E3282BADA3A600981D60 /* LaunchScreen.storyboard */ = {
			isa = PBXVariantGroup;
			children = (
				6ED6E3292BADA3A600981D60 /* Base */,
			);
			name = LaunchScreen.storyboard;
			sourceTree = "<group>";
		};
/* End PBXVariantGroup section */

/* Begin XCBuildConfiguration section */
		6ED6E32C2BADA3A600981D60 /* Debug */ = {
			isa = XCBuildConfiguration;
			buildSettings = {
				ALWAYS_SEARCH_USER_PATHS = NO;
				ASSETCATALOG_COMPILER_GENERATE_SWIFT_ASSET_SYMBOL_EXTENSIONS = YES;
				CLANG_ANALYZER_NONNULL = YES;
				CLANG_ANALYZER_NUMBER_OBJECT_CONVERSION = YES_AGGRESSIVE;
				CLANG_CXX_LANGUAGE_STANDARD = "gnu++20";
				CLANG_ENABLE_MODULES = YES;
				CLANG_ENABLE_OBJC_ARC = YES;
				CLANG_ENABLE_OBJC_WEAK = YES;
				CLANG_WARN_BLOCK_CAPTURE_AUTORELEASING = YES;
				CLANG_WARN_BOOL_CONVERSION = YES;
				CLANG_WARN_COMMA = YES;
				CLANG_WARN_CONSTANT_CONVERSION = YES;
				CLANG_WARN_DEPRECATED_OBJC_IMPLEMENTATIONS = YES;
				CLANG_WARN_DIRECT_OBJC_ISA_USAGE = YES_ERROR;
				CLANG_WARN_DOCUMENTATION_COMMENTS = YES;
				CLANG_WARN_EMPTY_BODY = YES;
				CLANG_WARN_ENUM_CONVERSION = YES;
				CLANG_WARN_INFINITE_RECURSION = YES;
				CLANG_WARN_INT_CONVERSION = YES;
				CLANG_WARN_NON_LITERAL_NULL_CONVERSION = YES;
				CLANG_WARN_OBJC_IMPLICIT_RETAIN_SELF = YES;
				CLANG_WARN_OBJC_LITERAL_CONVERSION = YES;
				CLANG_WARN_OBJC_ROOT_CLASS = YES_ERROR;
				CLANG_WARN_QUOTED_INCLUDE_IN_FRAMEWORK_HEADER = YES;
				CLANG_WARN_RANGE_LOOP_ANALYSIS = YES;
				CLANG_WARN_STRICT_PROTOTYPES = YES;
				CLANG_WARN_SUSPICIOUS_MOVE = YES;
				CLANG_WARN_UNGUARDED_AVAILABILITY = YES_AGGRESSIVE;
				CLANG_WARN_UNREACHABLE_CODE = YES;
				CLANG_WARN__DUPLICATE_METHOD_MATCH = YES;
				COPY_PHASE_STRIP = NO;
				DEBUG_INFORMATION_FORMAT = dwarf;
				ENABLE_STRICT_OBJC_MSGSEND = YES;
				ENABLE_TESTABILITY = YES;
				ENABLE_USER_SCRIPT_SANDBOXING = YES;
				GCC_C_LANGUAGE_STANDARD = gnu17;
				GCC_DYNAMIC_NO_PIC = NO;
				GCC_NO_COMMON_BLOCKS = YES;
				GCC_OPTIMIZATION_LEVEL = 0;
				GCC_PREPROCESSOR_DEFINITIONS = (
					"DEBUG=1",
					"$(inherited)",
				);
				GCC_WARN_64_TO_32_BIT_CONVERSION = YES;
				GCC_WARN_ABOUT_RETURN_TYPE = YES_ERROR;
				GCC_WARN_UNDECLARED_SELECTOR = YES;
				GCC_WARN_UNINITIALIZED_AUTOS = YES_AGGRESSIVE;
				GCC_WARN_UNUSED_FUNCTION = YES;
				GCC_WARN_UNUSED_VARIABLE = YES;
				IPHONEOS_DEPLOYMENT_TARGET = 17.4;
				LOCALIZATION_PREFERS_STRING_CATALOGS = YES;
				MTL_ENABLE_DEBUG_INFO = INCLUDE_SOURCE;
				MTL_FAST_MATH = YES;
				ONLY_ACTIVE_ARCH = YES;
				SDKROOT = iphoneos;
				SWIFT_ACTIVE_COMPILATION_CONDITIONS = "DEBUG $(inherited)";
				SWIFT_OPTIMIZATION_LEVEL = "-Onone";
			};
			name = Debug;
		};
		6ED6E32D2BADA3A600981D60 /* Release */ = {
			isa = XCBuildConfiguration;
			buildSettings = {
				ALWAYS_SEARCH_USER_PATHS = NO;
				ASSETCATALOG_COMPILER_GENERATE_SWIFT_ASSET_SYMBOL_EXTENSIONS = YES;
				CLANG_ANALYZER_NONNULL = YES;
				CLANG_ANALYZER_NUMBER_OBJECT_CONVERSION = YES_AGGRESSIVE;
				CLANG_CXX_LANGUAGE_STANDARD = "gnu++20";
				CLANG_ENABLE_MODULES = YES;
				CLANG_ENABLE_OBJC_ARC = YES;
				CLANG_ENABLE_OBJC_WEAK = YES;
				CLANG_WARN_BLOCK_CAPTURE_AUTORELEASING = YES;
				CLANG_WARN_BOOL_CONVERSION = YES;
				CLANG_WARN_COMMA = YES;
				CLANG_WARN_CONSTANT_CONVERSION = YES;
				CLANG_WARN_DEPRECATED_OBJC_IMPLEMENTATIONS = YES;
				CLANG_WARN_DIRECT_OBJC_ISA_USAGE = YES_ERROR;
				CLANG_WARN_DOCUMENTATION_COMMENTS = YES;
				CLANG_WARN_EMPTY_BODY = YES;
				CLANG_WARN_ENUM_CONVERSION = YES;
				CLANG_WARN_INFINITE_RECURSION = YES;
				CLANG_WARN_INT_CONVERSION = YES;
				CLANG_WARN_NON_LITERAL_NULL_CONVERSION = YES;
				CLANG_WARN_OBJC_IMPLICIT_RETAIN_SELF = YES;
				CLANG_WARN_OBJC_LITERAL_CONVERSION = YES;
				CLANG_WARN_OBJC_ROOT_CLASS = YES_ERROR;
				CLANG_WARN_QUOTED_INCLUDE_IN_FRAMEWORK_HEADER = YES;
				CLANG_WARN_RANGE_LOOP_ANALYSIS = YES;
				CLANG_WARN_STRICT_PROTOTYPES = YES;
				CLANG_WARN_SUSPICIOUS_MOVE = YES;
				CLANG_WARN_UNGUARDED_AVAILABILITY = YES_AGGRESSIVE;
				CLANG_WARN_UNREACHABLE_CODE = YES;
				CLANG_WARN__DUPLICATE_METHOD_MATCH = YES;
				COPY_PHASE_STRIP = NO;
				DEBUG_INFORMATION_FORMAT = "dwarf-with-dsym";
				ENABLE_NS_ASSERTIONS = NO;
				ENABLE_STRICT_OBJC_MSGSEND = YES;
				ENABLE_USER_SCRIPT_SANDBOXING = YES;
				GCC_C_LANGUAGE_STANDARD = gnu17;
				GCC_NO_COMMON_BLOCKS = YES;
				GCC_WARN_64_TO_32_BIT_CONVERSION = YES;
				GCC_WARN_ABOUT_RETURN_TYPE = YES_ERROR;
				GCC_WARN_UNDECLARED_SELECTOR = YES;
				GCC_WARN_UNINITIALIZED_AUTOS = YES_AGGRESSIVE;
				GCC_WARN_UNUSED_FUNCTION = YES;
				GCC_WARN_UNUSED_VARIABLE = YES;
				IPHONEOS_DEPLOYMENT_TARGET = 17.4;
				LOCALIZATION_PREFERS_STRING_CATALOGS = YES;
				MTL_ENABLE_DEBUG_INFO = NO;
				MTL_FAST_MATH = YES;
				SDKROOT = iphoneos;
				SWIFT_COMPILATION_MODE = wholemodule;
				VALIDATE_PRODUCT = YES;
			};
			name = Release;
		};
		6ED6E32F2BADA3A600981D60 /* Debug */ = {
			isa = XCBuildConfiguration;
			buildSettings = {
				ASSETCATALOG_COMPILER_APPICON_NAME = AppIcon;
				ASSETCATALOG_COMPILER_GLOBAL_ACCENT_COLOR_NAME = AccentColor;
				CODE_SIGN_STYLE = Automatic;
				CURRENT_PROJECT_VERSION = 1;
				DEVELOPMENT_TEAM = UGU4YXN2T7;
				GENERATE_INFOPLIST_FILE = YES;
				INFOPLIST_FILE = SimulatorWithTeam/Resources/Info.plist;
				INFOPLIST_KEY_UIApplicationSupportsIndirectInputEvents = YES;
				INFOPLIST_KEY_UILaunchStoryboardName = LaunchScreen;
				INFOPLIST_KEY_UIMainStoryboardFile = Main;
				INFOPLIST_KEY_UISupportedInterfaceOrientations = "UIInterfaceOrientationLandscapeLeft UIInterfaceOrientationLandscapeRight UIInterfaceOrientationPortrait";
				INFOPLIST_KEY_UISupportedInterfaceOrientations_iPad = "UIInterfaceOrientationLandscapeLeft UIInterfaceOrientationLandscapeRight UIInterfaceOrientationPortrait UIInterfaceOrientationPortraitUpsideDown";
				IPHONEOS_DEPLOYMENT_TARGET = 16.4;
				LD_RUNPATH_SEARCH_PATHS = (
					"$(inherited)",
					"@executable_path/Frameworks",
				);
				MARKETING_VERSION = 1.0;
				PRODUCT_BUNDLE_IDENTIFIER = MDF.SimulatorWithTeam;
				PRODUCT_NAME = "$(TARGET_NAME)";
				SWIFT_EMIT_LOC_STRINGS = YES;
				SWIFT_VERSION = 5.0;
				TARGETED_DEVICE_FAMILY = "1,2";
			};
			name = Debug;
		};
		6ED6E3302BADA3A600981D60 /* Release */ = {
			isa = XCBuildConfiguration;
			buildSettings = {
				ASSETCATALOG_COMPILER_APPICON_NAME = AppIcon;
				ASSETCATALOG_COMPILER_GLOBAL_ACCENT_COLOR_NAME = AccentColor;
				CODE_SIGN_STYLE = Automatic;
				CURRENT_PROJECT_VERSION = 1;
				DEVELOPMENT_TEAM = UGU4YXN2T7;
				GENERATE_INFOPLIST_FILE = YES;
				INFOPLIST_FILE = SimulatorWithTeam/Resources/Info.plist;
				INFOPLIST_KEY_UIApplicationSupportsIndirectInputEvents = YES;
				INFOPLIST_KEY_UILaunchStoryboardName = LaunchScreen;
				INFOPLIST_KEY_UIMainStoryboardFile = Main;
				INFOPLIST_KEY_UISupportedInterfaceOrientations = "UIInterfaceOrientationLandscapeLeft UIInterfaceOrientationLandscapeRight UIInterfaceOrientationPortrait";
				INFOPLIST_KEY_UISupportedInterfaceOrientations_iPad = "UIInterfaceOrientationLandscapeLeft UIInterfaceOrientationLandscapeRight UIInterfaceOrientationPortrait UIInterfaceOrientationPortraitUpsideDown";
				IPHONEOS_DEPLOYMENT_TARGET = 16.4;
				LD_RUNPATH_SEARCH_PATHS = (
					"$(inherited)",
					"@executable_path/Frameworks",
				);
				MARKETING_VERSION = 1.0;
				PRODUCT_BUNDLE_IDENTIFIER = MDF.SimulatorWithTeam;
				PRODUCT_NAME = "$(TARGET_NAME)";
				SWIFT_EMIT_LOC_STRINGS = YES;
				SWIFT_VERSION = 5.0;
				TARGETED_DEVICE_FAMILY = "1,2";
			};
			name = Release;
		};
/* End XCBuildConfiguration section */

/* Begin XCConfigurationList section */
		6ED6E3152BADA3A400981D60 /* Build configuration list for PBXProject "SimulatorWithTeam" */ = {
			isa = XCConfigurationList;
			buildConfigurations = (
				6ED6E32C2BADA3A600981D60 /* Debug */,
				6ED6E32D2BADA3A600981D60 /* Release */,
			);
			defaultConfigurationIsVisible = 0;
			defaultConfigurationName = Release;
		};
		6ED6E32E2BADA3A600981D60 /* Build configuration list for PBXNativeTarget "SimulatorWithTeam" */ = {
			isa = XCConfigurationList;
			buildConfigurations = (
				6ED6E32F2BADA3A600981D60 /* Debug */,
				6ED6E3302BADA3A600981D60 /* Release */,
			);
			defaultConfigurationIsVisible = 0;
			defaultConfigurationName = Release;
		};
/* End XCConfigurationList section */
	};
	rootObject = 6ED6E3122BADA3A400981D60 /* Project object */;
}
